// !$*UTF8*$!
{
	archiveVersion = 1;
	classes = {
	};
	objectVersion = 55;
	objects = {

/* Begin PBXBuildFile section */
		2D931BCB28C6AC83005D7E21 /* QuestionViewController.swift in Sources */ = {isa = PBXBuildFile; fileRef = 2D931BCA28C6AC83005D7E21 /* QuestionViewController.swift */; };
		2DD9FE7A28C62F9300AEC98E /* AppDelegate.swift in Sources */ = {isa = PBXBuildFile; fileRef = 2DD9FE7928C62F9300AEC98E /* AppDelegate.swift */; };
		2DD9FE7C28C62F9300AEC98E /* SceneDelegate.swift in Sources */ = {isa = PBXBuildFile; fileRef = 2DD9FE7B28C62F9300AEC98E /* SceneDelegate.swift */; };
		2DD9FE7E28C62F9300AEC98E /* ViewController.swift in Sources */ = {isa = PBXBuildFile; fileRef = 2DD9FE7D28C62F9300AEC98E /* ViewController.swift */; };
		2DD9FE8128C62F9300AEC98E /* Main.storyboard in Resources */ = {isa = PBXBuildFile; fileRef = 2DD9FE7F28C62F9300AEC98E /* Main.storyboard */; };
		2DD9FE8328C62F9400AEC98E /* Assets.xcassets in Resources */ = {isa = PBXBuildFile; fileRef = 2DD9FE8228C62F9400AEC98E /* Assets.xcassets */; };
		2DD9FE8628C62F9400AEC98E /* LaunchScreen.storyboard in Resources */ = {isa = PBXBuildFile; fileRef = 2DD9FE8428C62F9400AEC98E /* LaunchScreen.storyboard */; };
		2DFF762E28C6B147002F21C5 /* FinalViewController.swift in Sources */ = {isa = PBXBuildFile; fileRef = 2DFF762D28C6B147002F21C5 /* FinalViewController.swift */; };
		2DFF763028C6BEFD002F21C5 /* Question.swift in Sources */ = {isa = PBXBuildFile; fileRef = 2DFF762F28C6BEFD002F21C5 /* Question.swift */; };
		2DFF763228C6BF0E002F21C5 /* Answer.swift in Sources */ = {isa = PBXBuildFile; fileRef = 2DFF763128C6BF0E002F21C5 /* Answer.swift */; };
/* End PBXBuildFile section */

/* Begin PBXFileReference section */
		2D931BCA28C6AC83005D7E21 /* QuestionViewController.swift */ = {isa = PBXFileReference; lastKnownFileType = sourcecode.swift; path = QuestionViewController.swift; sourceTree = "<group>"; };
		2DD9FE7628C62F9300AEC98E /* SB-L-4-MVC-AppQuize.app */ = {isa = PBXFileReference; explicitFileType = wrapper.application; includeInIndex = 0; path = "SB-L-4-MVC-AppQuize.app"; sourceTree = BUILT_PRODUCTS_DIR; };
		2DD9FE7928C62F9300AEC98E /* AppDelegate.swift */ = {isa = PBXFileReference; lastKnownFileType = sourcecode.swift; path = AppDelegate.swift; sourceTree = "<group>"; };
		2DD9FE7B28C62F9300AEC98E /* SceneDelegate.swift */ = {isa = PBXFileReference; lastKnownFileType = sourcecode.swift; path = SceneDelegate.swift; sourceTree = "<group>"; };
		2DD9FE7D28C62F9300AEC98E /* ViewController.swift */ = {isa = PBXFileReference; lastKnownFileType = sourcecode.swift; path = ViewController.swift; sourceTree = "<group>"; };
		2DD9FE8028C62F9300AEC98E /* Base */ = {isa = PBXFileReference; lastKnownFileType = file.storyboard; name = Base; path = Base.lproj/Main.storyboard; sourceTree = "<group>"; };
		2DD9FE8228C62F9400AEC98E /* Assets.xcassets */ = {isa = PBXFileReference; lastKnownFileType = folder.assetcatalog; path = Assets.xcassets; sourceTree = "<group>"; };
		2DD9FE8528C62F9400AEC98E /* Base */ = {isa = PBXFileReference; lastKnownFileType = file.storyboard; name = Base; path = Base.lproj/LaunchScreen.storyboard; sourceTree = "<group>"; };
		2DD9FE8728C62F9400AEC98E /* Info.plist */ = {isa = PBXFileReference; lastKnownFileType = text.plist.xml; path = Info.plist; sourceTree = "<group>"; };
		2DFF762D28C6B147002F21C5 /* FinalViewController.swift */ = {isa = PBXFileReference; lastKnownFileType = sourcecode.swift; path = FinalViewController.swift; sourceTree = "<group>"; };
		2DFF762F28C6BEFD002F21C5 /* Question.swift */ = {isa = PBXFileReference; lastKnownFileType = sourcecode.swift; path = Question.swift; sourceTree = "<group>"; };
		2DFF763128C6BF0E002F21C5 /* Answer.swift */ = {isa = PBXFileReference; lastKnownFileType = sourcecode.swift; path = Answer.swift; sourceTree = "<group>"; };
/* End PBXFileReference section */

/* Begin PBXFrameworksBuildPhase section */
		2DD9FE7328C62F9300AEC98E /* Frameworks */ = {
			isa = PBXFrameworksBuildPhase;
			buildActionMask = 2147483647;
			files = (
			);
			runOnlyForDeploymentPostprocessing = 0;
		};
/* End PBXFrameworksBuildPhase section */

/* Begin PBXGroup section */
		2DD9FE6D28C62F9300AEC98E = {
			isa = PBXGroup;
			children = (
				2DD9FE7828C62F9300AEC98E /* SB-L-4-MVC-AppQuize */,
				2DD9FE7728C62F9300AEC98E /* Products */,
			);
			sourceTree = "<group>";
		};
		2DD9FE7728C62F9300AEC98E /* Products */ = {
			isa = PBXGroup;
			children = (
				2DD9FE7628C62F9300AEC98E /* SB-L-4-MVC-AppQuize.app */,
			);
			name = Products;
			sourceTree = "<group>";
		};
		2DD9FE7828C62F9300AEC98E /* SB-L-4-MVC-AppQuize */ = {
			isa = PBXGroup;
			children = (
				2DD9FE9028C6304F00AEC98E /* Resources */,
				2DD9FE9128C6306E00AEC98E /* Models */,
				2DD9FE8D28C62FA900AEC98E /* Supporting Files */,
				2DD9FE8E28C62FE300AEC98E /* ViewControllers */,
				2DD9FE8F28C6300F00AEC98E /* Storyboards */,
			);
			path = "SB-L-4-MVC-AppQuize";
			sourceTree = "<group>";
		};
		2DD9FE8D28C62FA900AEC98E /* Supporting Files */ = {
			isa = PBXGroup;
			children = (
				2DD9FE7928C62F9300AEC98E /* AppDelegate.swift */,
				2DD9FE7B28C62F9300AEC98E /* SceneDelegate.swift */,
				2DD9FE8728C62F9400AEC98E /* Info.plist */,
			);
			path = "Supporting Files";
			sourceTree = "<group>";
		};
		2DD9FE8E28C62FE300AEC98E /* ViewControllers */ = {
			isa = PBXGroup;
			children = (
				2DD9FE7D28C62F9300AEC98E /* ViewController.swift */,
				2D931BCA28C6AC83005D7E21 /* QuestionViewController.swift */,
				2DFF762D28C6B147002F21C5 /* FinalViewController.swift */,
			);
			path = ViewControllers;
			sourceTree = "<group>";
		};
		2DD9FE8F28C6300F00AEC98E /* Storyboards */ = {
			isa = PBXGroup;
			children = (
				2DD9FE7F28C62F9300AEC98E /* Main.storyboard */,
				2DD9FE8428C62F9400AEC98E /* LaunchScreen.storyboard */,
			);
			path = Storyboards;
			sourceTree = "<group>";
		};
		2DD9FE9028C6304F00AEC98E /* Resources */ = {
			isa = PBXGroup;
			children = (
				2DD9FE8228C62F9400AEC98E /* Assets.xcassets */,
			);
			path = Resources;
			sourceTree = "<group>";
		};
		2DD9FE9128C6306E00AEC98E /* Models */ = {
			isa = PBXGroup;
			children = (
				2DFF762F28C6BEFD002F21C5 /* Question.swift */,
				2DFF763128C6BF0E002F21C5 /* Answer.swift */,
			);
			path = Models;
			sourceTree = "<group>";
		};
/* End PBXGroup section */

/* Begin PBXNativeTarget section */
		2DD9FE7528C62F9300AEC98E /* SB-L-4-MVC-AppQuize */ = {
			isa = PBXNativeTarget;
			buildConfigurationList = 2DD9FE8A28C62F9400AEC98E /* Build configuration list for PBXNativeTarget "SB-L-4-MVC-AppQuize" */;
			buildPhases = (
				2DD9FE7228C62F9300AEC98E /* Sources */,
				2DD9FE7328C62F9300AEC98E /* Frameworks */,
				2DD9FE7428C62F9300AEC98E /* Resources */,
			);
			buildRules = (
			);
			dependencies = (
			);
			name = "SB-L-4-MVC-AppQuize";
			productName = "SB-L-4-MVC-AppQuize";
			productReference = 2DD9FE7628C62F9300AEC98E /* SB-L-4-MVC-AppQuize.app */;
			productType = "com.apple.product-type.application";
		};
/* End PBXNativeTarget section */

/* Begin PBXProject section */
		2DD9FE6E28C62F9300AEC98E /* Project object */ = {
			isa = PBXProject;
			attributes = {
				BuildIndependentTargetsInParallel = 1;
				LastSwiftUpdateCheck = 1340;
				LastUpgradeCheck = 1340;
				TargetAttributes = {
					2DD9FE7528C62F9300AEC98E = {
						CreatedOnToolsVersion = 13.4.1;
					};
				};
			};
			buildConfigurationList = 2DD9FE7128C62F9300AEC98E /* Build configuration list for PBXProject "SB-L-4-MVC-AppQuize" */;
			compatibilityVersion = "Xcode 13.0";
			developmentRegion = en;
			hasScannedForEncodings = 0;
			knownRegions = (
				en,
				Base,
			);
			mainGroup = 2DD9FE6D28C62F9300AEC98E;
			productRefGroup = 2DD9FE7728C62F9300AEC98E /* Products */;
			projectDirPath = "";
			projectRoot = "";
			targets = (
				2DD9FE7528C62F9300AEC98E /* SB-L-4-MVC-AppQuize */,
			);
		};
/* End PBXProject section */

/* Begin PBXResourcesBuildPhase section */
		2DD9FE7428C62F9300AEC98E /* Resources */ = {
			isa = PBXResourcesBuildPhase;
			buildActionMask = 2147483647;
			files = (
				2DD9FE8628C62F9400AEC98E /* LaunchScreen.storyboard in Resources */,
				2DD9FE8328C62F9400AEC98E /* Assets.xcassets in Resources */,
				2DD9FE8128C62F9300AEC98E /* Main.storyboard in Resources */,
			);
			runOnlyForDeploymentPostprocessing = 0;
		};
/* End PBXResourcesBuildPhase section */

/* Begin PBXSourcesBuildPhase section */
		2DD9FE7228C62F9300AEC98E /* Sources */ = {
			isa = PBXSourcesBuildPhase;
			buildActionMask = 2147483647;
			files = (
				2DFF762E28C6B147002F21C5 /* FinalViewController.swift in Sources */,
				2DD9FE7E28C62F9300AEC98E /* ViewController.swift in Sources */,
				2DD9FE7A28C62F9300AEC98E /* AppDelegate.swift in Sources */,
				2DFF763228C6BF0E002F21C5 /* Answer.swift in Sources */,
				2DFF763028C6BEFD002F21C5 /* Question.swift in Sources */,
				2D931BCB28C6AC83005D7E21 /* QuestionViewController.swift in Sources */,
				2DD9FE7C28C62F9300AEC98E /* SceneDelegate.swift in Sources */,
			);
			runOnlyForDeploymentPostprocessing = 0;
		};
/* End PBXSourcesBuildPhase section */

/* Begin PBXVariantGroup section */
		2DD9FE7F28C62F9300AEC98E /* Main.storyboard */ = {
			isa = PBXVariantGroup;
			children = (
				2DD9FE8028C62F9300AEC98E /* Base */,
			);
			name = Main.storyboard;
			sourceTree = "<group>";
		};
		2DD9FE8428C62F9400AEC98E /* LaunchScreen.storyboard */ = {
			isa = PBXVariantGroup;
			children = (
				2DD9FE8528C62F9400AEC98E /* Base */,
			);
			name = LaunchScreen.storyboard;
			sourceTree = "<group>";
		};
/* End PBXVariantGroup section */

/* Begin XCBuildConfiguration section */
		2DD9FE8828C62F9400AEC98E /* Debug */ = {
			isa = XCBuildConfiguration;
			buildSettings = {
				ALWAYS_SEARCH_USER_PATHS = NO;
				CLANG_ANALYZER_NONNULL = YES;
				CLANG_ANALYZER_NUMBER_OBJECT_CONVERSION = YES_AGGRESSIVE;
				CLANG_CXX_LANGUAGE_STANDARD = "gnu++17";
				CLANG_ENABLE_MODULES = YES;
				CLANG_ENABLE_OBJC_ARC = YES;
				CLANG_ENABLE_OBJC_WEAK = YES;
				CLANG_WARN_BLOCK_CAPTURE_AUTORELEASING = YES;
				CLANG_WARN_BOOL_CONVERSION = YES;
				CLANG_WARN_COMMA = YES;
				CLANG_WARN_CONSTANT_CONVERSION = YES;
				CLANG_WARN_DEPRECATED_OBJC_IMPLEMENTATIONS = YES;
				CLANG_WARN_DIRECT_OBJC_ISA_USAGE = YES_ERROR;
				CLANG_WARN_DOCUMENTATION_COMMENTS = YES;
				CLANG_WARN_EMPTY_BODY = YES;
				CLANG_WARN_ENUM_CONVERSION = YES;
				CLANG_WARN_INFINITE_RECURSION = YES;
				CLANG_WARN_INT_CONVERSION = YES;
				CLANG_WARN_NON_LITERAL_NULL_CONVERSION = YES;
				CLANG_WARN_OBJC_IMPLICIT_RETAIN_SELF = YES;
				CLANG_WARN_OBJC_LITERAL_CONVERSION = YES;
				CLANG_WARN_OBJC_ROOT_CLASS = YES_ERROR;
				CLANG_WARN_QUOTED_INCLUDE_IN_FRAMEWORK_HEADER = YES;
				CLANG_WARN_RANGE_LOOP_ANALYSIS = YES;
				CLANG_WARN_STRICT_PROTOTYPES = YES;
				CLANG_WARN_SUSPICIOUS_MOVE = YES;
				CLANG_WARN_UNGUARDED_AVAILABILITY = YES_AGGRESSIVE;
				CLANG_WARN_UNREACHABLE_CODE = YES;
				CLANG_WARN__DUPLICATE_METHOD_MATCH = YES;
				COPY_PHASE_STRIP = NO;
				DEBUG_INFORMATION_FORMAT = dwarf;
				ENABLE_STRICT_OBJC_MSGSEND = YES;
				ENABLE_TESTABILITY = YES;
				GCC_C_LANGUAGE_STANDARD = gnu11;
				GCC_DYNAMIC_NO_PIC = NO;
				GCC_NO_COMMON_BLOCKS = YES;
				GCC_OPTIMIZATION_LEVEL = 0;
				GCC_PREPROCESSOR_DEFINITIONS = (
					"DEBUG=1",
					"$(inherited)",
				);
				GCC_WARN_64_TO_32_BIT_CONVERSION = YES;
				GCC_WARN_ABOUT_RETURN_TYPE = YES_ERROR;
				GCC_WARN_UNDECLARED_SELECTOR = YES;
				GCC_WARN_UNINITIALIZED_AUTOS = YES_AGGRESSIVE;
				GCC_WARN_UNUSED_FUNCTION = YES;
				GCC_WARN_UNUSED_VARIABLE = YES;
				IPHONEOS_DEPLOYMENT_TARGET = 14.0;
				MTL_ENABLE_DEBUG_INFO = INCLUDE_SOURCE;
				MTL_FAST_MATH = YES;
				ONLY_ACTIVE_ARCH = YES;
				SDKROOT = iphoneos;
				SWIFT_ACTIVE_COMPILATION_CONDITIONS = DEBUG;
				SWIFT_OPTIMIZATION_LEVEL = "-Onone";
			};
			name = Debug;
		};
		2DD9FE8928C62F9400AEC98E /* Release */ = {
			isa = XCBuildConfiguration;
			buildSettings = {
				ALWAYS_SEARCH_USER_PATHS = NO;
				CLANG_ANALYZER_NONNULL = YES;
				CLANG_ANALYZER_NUMBER_OBJECT_CONVERSION = YES_AGGRESSIVE;
				CLANG_CXX_LANGUAGE_STANDARD = "gnu++17";
				CLANG_ENABLE_MODULES = YES;
				CLANG_ENABLE_OBJC_ARC = YES;
				CLANG_ENABLE_OBJC_WEAK = YES;
				CLANG_WARN_BLOCK_CAPTURE_AUTORELEASING = YES;
				CLANG_WARN_BOOL_CONVERSION = YES;
				CLANG_WARN_COMMA = YES;
				CLANG_WARN_CONSTANT_CONVERSION = YES;
				CLANG_WARN_DEPRECATED_OBJC_IMPLEMENTATIONS = YES;
				CLANG_WARN_DIRECT_OBJC_ISA_USAGE = YES_ERROR;
				CLANG_WARN_DOCUMENTATION_COMMENTS = YES;
				CLANG_WARN_EMPTY_BODY = YES;
				CLANG_WARN_ENUM_CONVERSION = YES;
				CLANG_WARN_INFINITE_RECURSION = YES;
				CLANG_WARN_INT_CONVERSION = YES;
				CLANG_WARN_NON_LITERAL_NULL_CONVERSION = YES;
				CLANG_WARN_OBJC_IMPLICIT_RETAIN_SELF = YES;
				CLANG_WARN_OBJC_LITERAL_CONVERSION = YES;
				CLANG_WARN_OBJC_ROOT_CLASS = YES_ERROR;
				CLANG_WARN_QUOTED_INCLUDE_IN_FRAMEWORK_HEADER = YES;
				CLANG_WARN_RANGE_LOOP_ANALYSIS = YES;
				CLANG_WARN_STRICT_PROTOTYPES = YES;
				CLANG_WARN_SUSPICIOUS_MOVE = YES;
				CLANG_WARN_UNGUARDED_AVAILABILITY = YES_AGGRESSIVE;
				CLANG_WARN_UNREACHABLE_CODE = YES;
				CLANG_WARN__DUPLICATE_METHOD_MATCH = YES;
				COPY_PHASE_STRIP = NO;
				DEBUG_INFORMATION_FORMAT = "dwarf-with-dsym";
				ENABLE_NS_ASSERTIONS = NO;
				ENABLE_STRICT_OBJC_MSGSEND = YES;
				GCC_C_LANGUAGE_STANDARD = gnu11;
				GCC_NO_COMMON_BLOCKS = YES;
				GCC_WARN_64_TO_32_BIT_CONVERSION = YES;
				GCC_WARN_ABOUT_RETURN_TYPE = YES_ERROR;
				GCC_WARN_UNDECLARED_SELECTOR = YES;
				GCC_WARN_UNINITIALIZED_AUTOS = YES_AGGRESSIVE;
				GCC_WARN_UNUSED_FUNCTION = YES;
				GCC_WARN_UNUSED_VARIABLE = YES;
				IPHONEOS_DEPLOYMENT_TARGET = 14.0;
				MTL_ENABLE_DEBUG_INFO = NO;
				MTL_FAST_MATH = YES;
				SDKROOT = iphoneos;
				SWIFT_COMPILATION_MODE = wholemodule;
				SWIFT_OPTIMIZATION_LEVEL = "-O";
				VALIDATE_PRODUCT = YES;
			};
			name = Release;
		};
		2DD9FE8B28C62F9400AEC98E /* Debug */ = {
			isa = XCBuildConfiguration;
			buildSettings = {
				ASSETCATALOG_COMPILER_APPICON_NAME = AppIcon;
				ASSETCATALOG_COMPILER_GLOBAL_ACCENT_COLOR_NAME = AccentColor;
				CODE_SIGN_STYLE = Automatic;
				CURRENT_PROJECT_VERSION = 1;
				DEVELOPMENT_TEAM = 46YHF3B432;
				GENERATE_INFOPLIST_FILE = YES;
				INFOPLIST_FILE = "SB-L-4-MVC-AppQuize/Supporting Files/Info.plist";
				INFOPLIST_KEY_UIApplicationSupportsIndirectInputEvents = YES;
				INFOPLIST_KEY_UILaunchStoryboardName = LaunchScreen;
				INFOPLIST_KEY_UIMainStoryboardFile = Main;
				INFOPLIST_KEY_UISupportedInterfaceOrientations_iPhone = UIInterfaceOrientationPortrait;
				IPHONEOS_DEPLOYMENT_TARGET = 14.0;
				LD_RUNPATH_SEARCH_PATHS = (
					"$(inherited)",
					"@executable_path/Frameworks",
				);
				MARKETING_VERSION = 1.0;
				PRODUCT_BUNDLE_IDENTIFIER = "LLM.SB-L-4-MVC-AppQuize";
				PRODUCT_NAME = "$(TARGET_NAME)";
				SWIFT_EMIT_LOC_STRINGS = YES;
				SWIFT_VERSION = 5.0;
				TARGETED_DEVICE_FAMILY = 1;
			};
			name = Debug;
		};
		2DD9FE8C28C62F9400AEC98E /* Release */ = {
			isa = XCBuildConfiguration;
			buildSettings = {
				ASSETCATALOG_COMPILER_APPICON_NAME = AppIcon;
				ASSETCATALOG_COMPILER_GLOBAL_ACCENT_COLOR_NAME = AccentColor;
				CODE_SIGN_STYLE = Automatic;
				CURRENT_PROJECT_VERSION = 1;
				DEVELOPMENT_TEAM = 46YHF3B432;
				GENERATE_INFOPLIST_FILE = YES;
				INFOPLIST_FILE = "SB-L-4-MVC-AppQuize/Supporting Files/Info.plist";
				INFOPLIST_KEY_UIApplicationSupportsIndirectInputEvents = YES;
				INFOPLIST_KEY_UILaunchStoryboardName = LaunchScreen;
				INFOPLIST_KEY_UIMainStoryboardFile = Main;
				INFOPLIST_KEY_UISupportedInterfaceOrientations_iPhone = UIInterfaceOrientationPortrait;
				IPHONEOS_DEPLOYMENT_TARGET = 14.0;
				LD_RUNPATH_SEARCH_PATHS = (
					"$(inherited)",
					"@executable_path/Frameworks",
				);
				MARKETING_VERSION = 1.0;
				PRODUCT_BUNDLE_IDENTIFIER = "LLM.SB-L-4-MVC-AppQuize";
				PRODUCT_NAME = "$(TARGET_NAME)";
				SWIFT_EMIT_LOC_STRINGS = YES;
				SWIFT_VERSION = 5.0;
				TARGETED_DEVICE_FAMILY = 1;
			};
			name = Release;
		};
/* End XCBuildConfiguration section */

/* Begin XCConfigurationList section */
		2DD9FE7128C62F9300AEC98E /* Build configuration list for PBXProject "SB-L-4-MVC-AppQuize" */ = {
			isa = XCConfigurationList;
			buildConfigurations = (
				2DD9FE8828C62F9400AEC98E /* Debug */,
				2DD9FE8928C62F9400AEC98E /* Release */,
			);
			defaultConfigurationIsVisible = 0;
			defaultConfigurationName = Release;
		};
		2DD9FE8A28C62F9400AEC98E /* Build configuration list for PBXNativeTarget "SB-L-4-MVC-AppQuize" */ = {
			isa = XCConfigurationList;
			buildConfigurations = (
				2DD9FE8B28C62F9400AEC98E /* Debug */,
				2DD9FE8C28C62F9400AEC98E /* Release */,
			);
			defaultConfigurationIsVisible = 0;
			defaultConfigurationName = Release;
		};
/* End XCConfigurationList section */
	};
	rootObject = 2DD9FE6E28C62F9300AEC98E /* Project object */;
}
